
Microsoft Visual Studio Solution File, Format Version 12.00
# Visual Studio Version 17
VisualStudioVersion = 17.6.33723.286
MinimumVisualStudioVersion = 10.0.40219.1
Project("{FAE04EC0-301F-11D3-BF4B-00C04F79EFBC}") = "FinalChallenge", "FinalChallenge\FinalChallenge.csproj", "{F4839477-3B19-4C77-AD42-A3C937C516E2}"
EndProject
Global
	GlobalSection(SolutionConfigurationPlatforms) = preSolution
		Debug|Any CPU = Debug|Any CPU
		Release|Any CPU = Release|Any CPU
	EndGlobalSection
	GlobalSection(ProjectConfigurationPlatforms) = postSolution
		{F4839477-3B19-4C77-AD42-A3C937C516E2}.Debug|Any CPU.ActiveCfg = Debug|Any CPU
		{F4839477-3B19-4C77-AD42-A3C937C516E2}.Debug|Any CPU.Build.0 = Debug|Any CPU
		{F4839477-3B19-4C77-AD42-A3C937C516E2}.Release|Any CPU.ActiveCfg = Release|Any CPU
		{F4839477-3B19-4C77-AD42-A3C937C516E2}.Release|Any CPU.Build.0 = Release|Any CPU
	EndGlobalSection
	GlobalSection(SolutionProperties) = preSolution
		HideSolutionNode = FALSE
	EndGlobalSection
	GlobalSection(ExtensibilityGlobals) = postSolution
		SolutionGuid = {38881F44-1B9C-4D89-8611-40BF3AA5DB16}
	EndGlobalSection
EndGlobal
