
Microsoft Visual Studio Solution File, Format Version 12.00
# Visual Studio Version 17
VisualStudioVersion = 17.6.33723.286
MinimumVisualStudioVersion = 10.0.40219.1
Project("{FAE04EC0-301F-11D3-BF4B-00C04F79EFBC}") = "HelloWorld", "HelloWorld\HelloWorld.csproj", "{C93B0E54-6789-4EF3-8537-104F1473FD9B}"
EndProject
Global
	GlobalSection(SolutionConfigurationPlatforms) = preSolution
		Debug|Any CPU = Debug|Any CPU
		Release|Any CPU = Release|Any CPU
	EndGlobalSection
	GlobalSection(ProjectConfigurationPlatforms) = postSolution
		{C93B0E54-6789-4EF3-8537-104F1473FD9B}.Debug|Any CPU.ActiveCfg = Debug|Any CPU
		{C93B0E54-6789-4EF3-8537-104F1473FD9B}.Debug|Any CPU.Build.0 = Debug|Any CPU
		{C93B0E54-6789-4EF3-8537-104F1473FD9B}.Release|Any CPU.ActiveCfg = Release|Any CPU
		{C93B0E54-6789-4EF3-8537-104F1473FD9B}.Release|Any CPU.Build.0 = Release|Any CPU
	EndGlobalSection
	GlobalSection(SolutionProperties) = preSolution
		HideSolutionNode = FALSE
	EndGlobalSection
	GlobalSection(ExtensibilityGlobals) = postSolution
		SolutionGuid = {CD10BF57-583B-4CAD-9990-C2D535C26DB6}
	EndGlobalSection
EndGlobal
