
Microsoft Visual Studio Solution File, Format Version 12.00
# Visual Studio Version 17
VisualStudioVersion = 17.6.33723.286
MinimumVisualStudioVersion = 10.0.40219.1
Project("{FAE04EC0-301F-11D3-BF4B-00C04F79EFBC}") = "TechAcademyStudents", "TechAcademyStudents\TechAcademyStudents.csproj", "{E34E36E9-45CD-48D6-812C-C769F97DDD68}"
EndProject
Global
	GlobalSection(SolutionConfigurationPlatforms) = preSolution
		Debug|Any CPU = Debug|Any CPU
		Release|Any CPU = Release|Any CPU
	EndGlobalSection
	GlobalSection(ProjectConfigurationPlatforms) = postSolution
		{E34E36E9-45CD-48D6-812C-C769F97DDD68}.Debug|Any CPU.ActiveCfg = Debug|Any CPU
		{E34E36E9-45CD-48D6-812C-C769F97DDD68}.Debug|Any CPU.Build.0 = Debug|Any CPU
		{E34E36E9-45CD-48D6-812C-C769F97DDD68}.Release|Any CPU.ActiveCfg = Release|Any CPU
		{E34E36E9-45CD-48D6-812C-C769F97DDD68}.Release|Any CPU.Build.0 = Release|Any CPU
	EndGlobalSection
	GlobalSection(SolutionProperties) = preSolution
		HideSolutionNode = FALSE
	EndGlobalSection
	GlobalSection(ExtensibilityGlobals) = postSolution
		SolutionGuid = {BED2F9C7-FF15-4299-8B5B-96D15FA20C26}
	EndGlobalSection
EndGlobal
