
Microsoft Visual Studio Solution File, Format Version 12.00
# Visual Studio Version 17
VisualStudioVersion = 17.6.33723.286
MinimumVisualStudioVersion = 10.0.40219.1
Project("{FAE04EC0-301F-11D3-BF4B-00C04F79EFBC}") = "CallingMethodsAssignment", "CallingMethodsAssignment\CallingMethodsAssignment.csproj", "{2B87C1F7-D640-4BD2-8001-F0F588F22E4A}"
EndProject
Global
	GlobalSection(SolutionConfigurationPlatforms) = preSolution
		Debug|Any CPU = Debug|Any CPU
		Release|Any CPU = Release|Any CPU
	EndGlobalSection
	GlobalSection(ProjectConfigurationPlatforms) = postSolution
		{2B87C1F7-D640-4BD2-8001-F0F588F22E4A}.Debug|Any CPU.ActiveCfg = Debug|Any CPU
		{2B87C1F7-D640-4BD2-8001-F0F588F22E4A}.Debug|Any CPU.Build.0 = Debug|Any CPU
		{2B87C1F7-D640-4BD2-8001-F0F588F22E4A}.Release|Any CPU.ActiveCfg = Release|Any CPU
		{2B87C1F7-D640-4BD2-8001-F0F588F22E4A}.Release|Any CPU.Build.0 = Release|Any CPU
	EndGlobalSection
	GlobalSection(SolutionProperties) = preSolution
		HideSolutionNode = FALSE
	EndGlobalSection
	GlobalSection(ExtensibilityGlobals) = postSolution
		SolutionGuid = {A68F5910-8781-4369-BCE9-C8DB6D30D989}
	EndGlobalSection
EndGlobal
