
Microsoft Visual Studio Solution File, Format Version 12.00
# Visual Studio Version 17
VisualStudioVersion = 17.6.33723.286
MinimumVisualStudioVersion = 10.0.40219.1
Project("{FAE04EC0-301F-11D3-BF4B-00C04F79EFBC}") = "VariablesAndDataTypes", "VariablesAndDataTypes\VariablesAndDataTypes.csproj", "{BC352BC7-92CD-4079-9256-51E0A41F5E0E}"
EndProject
Global
	GlobalSection(SolutionConfigurationPlatforms) = preSolution
		Debug|Any CPU = Debug|Any CPU
		Release|Any CPU = Release|Any CPU
	EndGlobalSection
	GlobalSection(ProjectConfigurationPlatforms) = postSolution
		{BC352BC7-92CD-4079-9256-51E0A41F5E0E}.Debug|Any CPU.ActiveCfg = Debug|Any CPU
		{BC352BC7-92CD-4079-9256-51E0A41F5E0E}.Debug|Any CPU.Build.0 = Debug|Any CPU
		{BC352BC7-92CD-4079-9256-51E0A41F5E0E}.Release|Any CPU.ActiveCfg = Release|Any CPU
		{BC352BC7-92CD-4079-9256-51E0A41F5E0E}.Release|Any CPU.Build.0 = Release|Any CPU
	EndGlobalSection
	GlobalSection(SolutionProperties) = preSolution
		HideSolutionNode = FALSE
	EndGlobalSection
	GlobalSection(ExtensibilityGlobals) = postSolution
		SolutionGuid = {01AFD232-85E3-449D-B878-9237714A8F44}
	EndGlobalSection
EndGlobal
