
Microsoft Visual Studio Solution File, Format Version 12.00
# Visual Studio Version 17
VisualStudioVersion = 17.6.33723.286
MinimumVisualStudioVersion = 10.0.40219.1
Project("{FAE04EC0-301F-11D3-BF4B-00C04F79EFBC}") = "TechAcadStudentsMVC", "TechAcadStudentsMVC\TechAcadStudentsMVC.csproj", "{34688E96-8629-4412-96B7-56309A5698E4}"
EndProject
Global
	GlobalSection(SolutionConfigurationPlatforms) = preSolution
		Debug|Any CPU = Debug|Any CPU
		Release|Any CPU = Release|Any CPU
	EndGlobalSection
	GlobalSection(ProjectConfigurationPlatforms) = postSolution
		{34688E96-8629-4412-96B7-56309A5698E4}.Debug|Any CPU.ActiveCfg = Debug|Any CPU
		{34688E96-8629-4412-96B7-56309A5698E4}.Debug|Any CPU.Build.0 = Debug|Any CPU
		{34688E96-8629-4412-96B7-56309A5698E4}.Release|Any CPU.ActiveCfg = Release|Any CPU
		{34688E96-8629-4412-96B7-56309A5698E4}.Release|Any CPU.Build.0 = Release|Any CPU
	EndGlobalSection
	GlobalSection(SolutionProperties) = preSolution
		HideSolutionNode = FALSE
	EndGlobalSection
	GlobalSection(ExtensibilityGlobals) = postSolution
		SolutionGuid = {B51A775A-DEE6-4AD2-8CA1-93113E6B3483}
	EndGlobalSection
EndGlobal
