
Microsoft Visual Studio Solution File, Format Version 12.00
# Visual Studio Version 17
VisualStudioVersion = 17.6.33723.286
MinimumVisualStudioVersion = 10.0.40219.1
Project("{FAE04EC0-301F-11D3-BF4B-00C04F79EFBC}") = "ShippingQuote", "ShippingQuote\ShippingQuote.csproj", "{01BF6B2E-C38F-45EC-97BA-810EA0BB61AB}"
EndProject
Global
	GlobalSection(SolutionConfigurationPlatforms) = preSolution
		Debug|Any CPU = Debug|Any CPU
		Release|Any CPU = Release|Any CPU
	EndGlobalSection
	GlobalSection(ProjectConfigurationPlatforms) = postSolution
		{01BF6B2E-C38F-45EC-97BA-810EA0BB61AB}.Debug|Any CPU.ActiveCfg = Debug|Any CPU
		{01BF6B2E-C38F-45EC-97BA-810EA0BB61AB}.Debug|Any CPU.Build.0 = Debug|Any CPU
		{01BF6B2E-C38F-45EC-97BA-810EA0BB61AB}.Release|Any CPU.ActiveCfg = Release|Any CPU
		{01BF6B2E-C38F-45EC-97BA-810EA0BB61AB}.Release|Any CPU.Build.0 = Release|Any CPU
	EndGlobalSection
	GlobalSection(SolutionProperties) = preSolution
		HideSolutionNode = FALSE
	EndGlobalSection
	GlobalSection(ExtensibilityGlobals) = postSolution
		SolutionGuid = {FBB41518-4C21-4022-84DF-7B948051E080}
	EndGlobalSection
EndGlobal
