
Microsoft Visual Studio Solution File, Format Version 12.00
# Visual Studio Version 17
VisualStudioVersion = 17.6.33723.286
MinimumVisualStudioVersion = 10.0.40219.1
Project("{FAE04EC0-301F-11D3-BF4B-00C04F79EFBC}") = "MethodClassAssignment", "MethodClassAssignment\MethodClassAssignment.csproj", "{F3B13FC2-AE3A-44A0-813E-CB94FFCBDDB8}"
EndProject
Global
	GlobalSection(SolutionConfigurationPlatforms) = preSolution
		Debug|Any CPU = Debug|Any CPU
		Release|Any CPU = Release|Any CPU
	EndGlobalSection
	GlobalSection(ProjectConfigurationPlatforms) = postSolution
		{F3B13FC2-AE3A-44A0-813E-CB94FFCBDDB8}.Debug|Any CPU.ActiveCfg = Debug|Any CPU
		{F3B13FC2-AE3A-44A0-813E-CB94FFCBDDB8}.Debug|Any CPU.Build.0 = Debug|Any CPU
		{F3B13FC2-AE3A-44A0-813E-CB94FFCBDDB8}.Release|Any CPU.ActiveCfg = Release|Any CPU
		{F3B13FC2-AE3A-44A0-813E-CB94FFCBDDB8}.Release|Any CPU.Build.0 = Release|Any CPU
	EndGlobalSection
	GlobalSection(SolutionProperties) = preSolution
		HideSolutionNode = FALSE
	EndGlobalSection
	GlobalSection(ExtensibilityGlobals) = postSolution
		SolutionGuid = {75ACEA43-E537-4888-B462-DDB0E0585BEE}
	EndGlobalSection
EndGlobal
