
Microsoft Visual Studio Solution File, Format Version 12.00
# Visual Studio Version 17
VisualStudioVersion = 17.6.33723.286
MinimumVisualStudioVersion = 10.0.40219.1
Project("{FAE04EC0-301F-11D3-BF4B-00C04F79EFBC}") = "OperatorsAssignment", "OperatorsAssignment\OperatorsAssignment.csproj", "{100FF32B-2316-4711-A216-6075DFBBE481}"
EndProject
Global
	GlobalSection(SolutionConfigurationPlatforms) = preSolution
		Debug|Any CPU = Debug|Any CPU
		Release|Any CPU = Release|Any CPU
	EndGlobalSection
	GlobalSection(ProjectConfigurationPlatforms) = postSolution
		{100FF32B-2316-4711-A216-6075DFBBE481}.Debug|Any CPU.ActiveCfg = Debug|Any CPU
		{100FF32B-2316-4711-A216-6075DFBBE481}.Debug|Any CPU.Build.0 = Debug|Any CPU
		{100FF32B-2316-4711-A216-6075DFBBE481}.Release|Any CPU.ActiveCfg = Release|Any CPU
		{100FF32B-2316-4711-A216-6075DFBBE481}.Release|Any CPU.Build.0 = Release|Any CPU
	EndGlobalSection
	GlobalSection(SolutionProperties) = preSolution
		HideSolutionNode = FALSE
	EndGlobalSection
	GlobalSection(ExtensibilityGlobals) = postSolution
		SolutionGuid = {E0479B33-EE81-4FD9-92BB-A42EC4DE8AC9}
	EndGlobalSection
EndGlobal
