
Microsoft Visual Studio Solution File, Format Version 12.00
# Visual Studio Version 17
VisualStudioVersion = 17.6.33723.286
MinimumVisualStudioVersion = 10.0.40219.1
Project("{FAE04EC0-301F-11D3-BF4B-00C04F79EFBC}") = "Polymorphism assignment", "Polymorphism assignment\Polymorphism assignment.csproj", "{9F31D821-837D-4F4E-8750-ABDEEF203F60}"
EndProject
Global
	GlobalSection(SolutionConfigurationPlatforms) = preSolution
		Debug|Any CPU = Debug|Any CPU
		Release|Any CPU = Release|Any CPU
	EndGlobalSection
	GlobalSection(ProjectConfigurationPlatforms) = postSolution
		{9F31D821-837D-4F4E-8750-ABDEEF203F60}.Debug|Any CPU.ActiveCfg = Debug|Any CPU
		{9F31D821-837D-4F4E-8750-ABDEEF203F60}.Debug|Any CPU.Build.0 = Debug|Any CPU
		{9F31D821-837D-4F4E-8750-ABDEEF203F60}.Release|Any CPU.ActiveCfg = Release|Any CPU
		{9F31D821-837D-4F4E-8750-ABDEEF203F60}.Release|Any CPU.Build.0 = Release|Any CPU
	EndGlobalSection
	GlobalSection(SolutionProperties) = preSolution
		HideSolutionNode = FALSE
	EndGlobalSection
	GlobalSection(ExtensibilityGlobals) = postSolution
		SolutionGuid = {8F281F0B-61C4-4016-97E0-077676290D15}
	EndGlobalSection
EndGlobal
