
Microsoft Visual Studio Solution File, Format Version 12.00
# Visual Studio Version 17
VisualStudioVersion = 17.6.33723.286
MinimumVisualStudioVersion = 10.0.40219.1
Project("{FAE04EC0-301F-11D3-BF4B-00C04F79EFBC}") = "AcmeStudiosProject", "AcmeStudiosProject\AcmeStudiosProject.csproj", "{99972593-FD9B-476B-98FA-86154B42A893}"
EndProject
Global
	GlobalSection(SolutionConfigurationPlatforms) = preSolution
		Debug|Any CPU = Debug|Any CPU
		Release|Any CPU = Release|Any CPU
	EndGlobalSection
	GlobalSection(ProjectConfigurationPlatforms) = postSolution
		{99972593-FD9B-476B-98FA-86154B42A893}.Debug|Any CPU.ActiveCfg = Debug|Any CPU
		{99972593-FD9B-476B-98FA-86154B42A893}.Debug|Any CPU.Build.0 = Debug|Any CPU
		{99972593-FD9B-476B-98FA-86154B42A893}.Release|Any CPU.ActiveCfg = Release|Any CPU
		{99972593-FD9B-476B-98FA-86154B42A893}.Release|Any CPU.Build.0 = Release|Any CPU
	EndGlobalSection
	GlobalSection(SolutionProperties) = preSolution
		HideSolutionNode = FALSE
	EndGlobalSection
	GlobalSection(ExtensibilityGlobals) = postSolution
		SolutionGuid = {AC54DA62-CA70-4BCF-82A8-D35AEFD54AD5}
	EndGlobalSection
EndGlobal
